
Microsoft Visual Studio Solution File, Format Version 12.00
# Visual Studio 2013
VisualStudioVersion = 12.0.31101.0
MinimumVisualStudioVersion = 10.0.40219.1
Project("{FAE04EC0-301F-11D3-BF4B-00C04F79EFBC}") = "GroupExpensesManager", "GroupExpensesManager\GroupExpensesManager.csproj", "{FD597C08-0715-4C72-88D6-13158BA1C69E}"
EndProject
Project("{FAE04EC0-301F-11D3-BF4B-00C04F79EFBC}") = "Monies", "Monies\Monies.csproj", "{2EDECB4E-94B3-4717-ACA0-0CA6B5318BA2}"
EndProject
Project("{FAE04EC0-301F-11D3-BF4B-00C04F79EFBC}") = "MoniesTests", "MoniesTests\MoniesTests.csproj", "{3392C82B-B07F-437B-83AD-86C05DB362EF}"
EndProject
Global
	GlobalSection(SolutionConfigurationPlatforms) = preSolution
		Debug|Any CPU = Debug|Any CPU
		Release|Any CPU = Release|Any CPU
	EndGlobalSection
	GlobalSection(ProjectConfigurationPlatforms) = postSolution
		{FD597C08-0715-4C72-88D6-13158BA1C69E}.Debug|Any CPU.ActiveCfg = Debug|Any CPU
		{FD597C08-0715-4C72-88D6-13158BA1C69E}.Debug|Any CPU.Build.0 = Debug|Any CPU
		{FD597C08-0715-4C72-88D6-13158BA1C69E}.Release|Any CPU.ActiveCfg = Release|Any CPU
		{FD597C08-0715-4C72-88D6-13158BA1C69E}.Release|Any CPU.Build.0 = Release|Any CPU
		{2EDECB4E-94B3-4717-ACA0-0CA6B5318BA2}.Debug|Any CPU.ActiveCfg = Debug|Any CPU
		{2EDECB4E-94B3-4717-ACA0-0CA6B5318BA2}.Debug|Any CPU.Build.0 = Debug|Any CPU
		{2EDECB4E-94B3-4717-ACA0-0CA6B5318BA2}.Release|Any CPU.ActiveCfg = Release|Any CPU
		{2EDECB4E-94B3-4717-ACA0-0CA6B5318BA2}.Release|Any CPU.Build.0 = Release|Any CPU
		{3392C82B-B07F-437B-83AD-86C05DB362EF}.Debug|Any CPU.ActiveCfg = Debug|Any CPU
		{3392C82B-B07F-437B-83AD-86C05DB362EF}.Debug|Any CPU.Build.0 = Debug|Any CPU
		{3392C82B-B07F-437B-83AD-86C05DB362EF}.Release|Any CPU.ActiveCfg = Release|Any CPU
		{3392C82B-B07F-437B-83AD-86C05DB362EF}.Release|Any CPU.Build.0 = Release|Any CPU
	EndGlobalSection
	GlobalSection(SolutionProperties) = preSolution
		HideSolutionNode = FALSE
	EndGlobalSection
EndGlobal
